
Microsoft Visual Studio Solution File, Format Version 12.00
# Visual Studio Version 17
VisualStudioVersion = 17.9.34310.174
MinimumVisualStudioVersion = 10.0.40219.1
Project("{9A19103F-16F7-4668-BE54-9A1E7A4F7556}") = "NosCore.AppHost", "NosCore.AppHost\NosCore.AppHost.csproj", "{665EDACE-2056-4F47-9050-380461ADFA91}"
EndProject
Project("{9A19103F-16F7-4668-BE54-9A1E7A4F7556}") = "NosCore.ServiceDefaults", "NosCore.ServiceDefaults\NosCore.ServiceDefaults.csproj", "{51CF49B3-F520-494C-86A0-DB252E8A023E}"
EndProject
Project("{9A19103F-16F7-4668-BE54-9A1E7A4F7556}") = "NosCore.Worker", "NosCore.Worker\NosCore.Worker.csproj", "{940A55CC-8D1A-48D7-963B-F4EA9BEDC520}"
EndProject
Project("{9A19103F-16F7-4668-BE54-9A1E7A4F7556}") = "Contracts", "Contracts\Contracts.csproj", "{9274EB55-1004-4361-B111-B2AA75F5BB44}"
EndProject
Project("{2150E333-8FDC-42A3-9474-1A3956D46DE8}") = "Aspire", "Aspire", "{CECC6C06-550A-42ED-AA5C-D6828E703C80}"
EndProject
Project("{9A19103F-16F7-4668-BE54-9A1E7A4F7556}") = "NosCore.Sdk", "NostaleSdk\NosCore.Sdk.csproj", "{872DD60F-F601-4CC9-A1C0-1EA0479A6075}"
EndProject
Project("{2150E333-8FDC-42A3-9474-1A3956D46DE8}") = "Apis", "Apis", "{B1E02A81-F3A1-4403-99FA-55854DB60672}"
EndProject
Project("{9A19103F-16F7-4668-BE54-9A1E7A4F7556}") = "NosCore.ClientApi", "NosCore.ClientApi\NosCore.ClientApi.csproj", "{3E4947BA-3C5B-4745-8C6E-55A95BD47248}"
EndProject
Project("{2150E333-8FDC-42A3-9474-1A3956D46DE8}") = "Clients", "Clients", "{496CFE90-E6E5-4269-A867-F52553DFA321}"
EndProject
Project("{9A19103F-16F7-4668-BE54-9A1E7A4F7556}") = "NosCore.GameAuthenticationApi", "NosCore.AuthApi\NosCore.GameAuthenticationApi.csproj", "{2A88502A-15DC-4837-B502-74C8DA6087F0}"
EndProject
Project("{9A19103F-16F7-4668-BE54-9A1E7A4F7556}") = "NosCore.Packets", "NosCore.Packets\NosCore.Packets.csproj", "{058D6DA7-62A3-4125-97CE-C80F3BCCD532}"
EndProject
Project("{9A19103F-16F7-4668-BE54-9A1E7A4F7556}") = "NosCore.Test", "NosCore.Test\NosCore.Test.csproj", "{A56A69D2-AAEC-40B0-865C-2D30AFF588F8}"
EndProject
Project("{2150E333-8FDC-42A3-9474-1A3956D46DE8}") = "Shared", "Shared", "{37453DD3-2826-4BCB-872C-58F52E16ACB2}"
EndProject
Project("{9A19103F-16F7-4668-BE54-9A1E7A4F7556}") = "NosCore.Tcp", "NosCore.Tcp\NosCore.Tcp.csproj", "{5631E224-BF2D-4D4E-86CB-6322DD94B297}"
EndProject
Global
	GlobalSection(SolutionConfigurationPlatforms) = preSolution
		Debug|Any CPU = Debug|Any CPU
		Release|Any CPU = Release|Any CPU
	EndGlobalSection
	GlobalSection(ProjectConfigurationPlatforms) = postSolution
		{665EDACE-2056-4F47-9050-380461ADFA91}.Debug|Any CPU.ActiveCfg = Debug|Any CPU
		{665EDACE-2056-4F47-9050-380461ADFA91}.Debug|Any CPU.Build.0 = Debug|Any CPU
		{665EDACE-2056-4F47-9050-380461ADFA91}.Release|Any CPU.ActiveCfg = Release|Any CPU
		{665EDACE-2056-4F47-9050-380461ADFA91}.Release|Any CPU.Build.0 = Release|Any CPU
		{51CF49B3-F520-494C-86A0-DB252E8A023E}.Debug|Any CPU.ActiveCfg = Debug|Any CPU
		{51CF49B3-F520-494C-86A0-DB252E8A023E}.Debug|Any CPU.Build.0 = Debug|Any CPU
		{51CF49B3-F520-494C-86A0-DB252E8A023E}.Release|Any CPU.ActiveCfg = Release|Any CPU
		{51CF49B3-F520-494C-86A0-DB252E8A023E}.Release|Any CPU.Build.0 = Release|Any CPU
		{940A55CC-8D1A-48D7-963B-F4EA9BEDC520}.Debug|Any CPU.ActiveCfg = Debug|Any CPU
		{940A55CC-8D1A-48D7-963B-F4EA9BEDC520}.Debug|Any CPU.Build.0 = Debug|Any CPU
		{940A55CC-8D1A-48D7-963B-F4EA9BEDC520}.Release|Any CPU.ActiveCfg = Release|Any CPU
		{940A55CC-8D1A-48D7-963B-F4EA9BEDC520}.Release|Any CPU.Build.0 = Release|Any CPU
		{9274EB55-1004-4361-B111-B2AA75F5BB44}.Debug|Any CPU.ActiveCfg = Debug|Any CPU
		{9274EB55-1004-4361-B111-B2AA75F5BB44}.Debug|Any CPU.Build.0 = Debug|Any CPU
		{9274EB55-1004-4361-B111-B2AA75F5BB44}.Release|Any CPU.ActiveCfg = Release|Any CPU
		{9274EB55-1004-4361-B111-B2AA75F5BB44}.Release|Any CPU.Build.0 = Release|Any CPU
		{872DD60F-F601-4CC9-A1C0-1EA0479A6075}.Debug|Any CPU.ActiveCfg = Debug|Any CPU
		{872DD60F-F601-4CC9-A1C0-1EA0479A6075}.Debug|Any CPU.Build.0 = Debug|Any CPU
		{872DD60F-F601-4CC9-A1C0-1EA0479A6075}.Release|Any CPU.ActiveCfg = Release|Any CPU
		{872DD60F-F601-4CC9-A1C0-1EA0479A6075}.Release|Any CPU.Build.0 = Release|Any CPU
		{3E4947BA-3C5B-4745-8C6E-55A95BD47248}.Debug|Any CPU.ActiveCfg = Debug|Any CPU
		{3E4947BA-3C5B-4745-8C6E-55A95BD47248}.Debug|Any CPU.Build.0 = Debug|Any CPU
		{3E4947BA-3C5B-4745-8C6E-55A95BD47248}.Release|Any CPU.ActiveCfg = Release|Any CPU
		{3E4947BA-3C5B-4745-8C6E-55A95BD47248}.Release|Any CPU.Build.0 = Release|Any CPU
		{2A88502A-15DC-4837-B502-74C8DA6087F0}.Debug|Any CPU.ActiveCfg = Debug|Any CPU
		{2A88502A-15DC-4837-B502-74C8DA6087F0}.Debug|Any CPU.Build.0 = Debug|Any CPU
		{2A88502A-15DC-4837-B502-74C8DA6087F0}.Release|Any CPU.ActiveCfg = Release|Any CPU
		{2A88502A-15DC-4837-B502-74C8DA6087F0}.Release|Any CPU.Build.0 = Release|Any CPU
		{058D6DA7-62A3-4125-97CE-C80F3BCCD532}.Debug|Any CPU.ActiveCfg = Debug|Any CPU
		{058D6DA7-62A3-4125-97CE-C80F3BCCD532}.Debug|Any CPU.Build.0 = Debug|Any CPU
		{058D6DA7-62A3-4125-97CE-C80F3BCCD532}.Release|Any CPU.ActiveCfg = Release|Any CPU
		{058D6DA7-62A3-4125-97CE-C80F3BCCD532}.Release|Any CPU.Build.0 = Release|Any CPU
		{A56A69D2-AAEC-40B0-865C-2D30AFF588F8}.Debug|Any CPU.ActiveCfg = Debug|Any CPU
		{A56A69D2-AAEC-40B0-865C-2D30AFF588F8}.Debug|Any CPU.Build.0 = Debug|Any CPU
		{A56A69D2-AAEC-40B0-865C-2D30AFF588F8}.Release|Any CPU.ActiveCfg = Release|Any CPU
		{A56A69D2-AAEC-40B0-865C-2D30AFF588F8}.Release|Any CPU.Build.0 = Release|Any CPU
		{5631E224-BF2D-4D4E-86CB-6322DD94B297}.Debug|Any CPU.ActiveCfg = Debug|Any CPU
		{5631E224-BF2D-4D4E-86CB-6322DD94B297}.Debug|Any CPU.Build.0 = Debug|Any CPU
		{5631E224-BF2D-4D4E-86CB-6322DD94B297}.Release|Any CPU.ActiveCfg = Release|Any CPU
		{5631E224-BF2D-4D4E-86CB-6322DD94B297}.Release|Any CPU.Build.0 = Release|Any CPU
	EndGlobalSection
	GlobalSection(SolutionProperties) = preSolution
		HideSolutionNode = FALSE
	EndGlobalSection
	GlobalSection(NestedProjects) = preSolution
		{665EDACE-2056-4F47-9050-380461ADFA91} = {CECC6C06-550A-42ED-AA5C-D6828E703C80}
		{51CF49B3-F520-494C-86A0-DB252E8A023E} = {CECC6C06-550A-42ED-AA5C-D6828E703C80}
		{940A55CC-8D1A-48D7-963B-F4EA9BEDC520} = {496CFE90-E6E5-4269-A867-F52553DFA321}
		{9274EB55-1004-4361-B111-B2AA75F5BB44} = {37453DD3-2826-4BCB-872C-58F52E16ACB2}
		{872DD60F-F601-4CC9-A1C0-1EA0479A6075} = {37453DD3-2826-4BCB-872C-58F52E16ACB2}
		{3E4947BA-3C5B-4745-8C6E-55A95BD47248} = {B1E02A81-F3A1-4403-99FA-55854DB60672}
		{2A88502A-15DC-4837-B502-74C8DA6087F0} = {B1E02A81-F3A1-4403-99FA-55854DB60672}
		{058D6DA7-62A3-4125-97CE-C80F3BCCD532} = {37453DD3-2826-4BCB-872C-58F52E16ACB2}
	EndGlobalSection
	GlobalSection(ExtensibilityGlobals) = postSolution
		SolutionGuid = {8BA6E5AF-BD29-494F-A6E9-4DBAC71ACA0B}
	EndGlobalSection
EndGlobal
